
Microsoft Visual Studio Solution File, Format Version 12.00
Project("{FAE04EC0-301F-11D3-BF4B-00C04F79EFBC}") = "Storage", "Storage\Storage.csproj", "{FDCBCCD9-2F97-4D4B-B3A0-7EE1C034F764}"
EndProject
Project("{FAE04EC0-301F-11D3-BF4B-00C04F79EFBC}") = "ConsoleApp", "ConsoleApp\ConsoleApp.csproj", "{633CCFB5-E11A-4796-8DA5-521736A01283}"
	ProjectSection(ProjectDependencies) = postProject
		{FDCBCCD9-2F97-4D4B-B3A0-7EE1C034F764} = {FDCBCCD9-2F97-4D4B-B3A0-7EE1C034F764}
	EndProjectSection
EndProject
Global
	GlobalSection(SolutionConfigurationPlatforms) = preSolution
		Debug|Any CPU = Debug|Any CPU
		Release|Any CPU = Release|Any CPU
	EndGlobalSection
	GlobalSection(ProjectConfigurationPlatforms) = postSolution
		{FDCBCCD9-2F97-4D4B-B3A0-7EE1C034F764}.Debug|Any CPU.ActiveCfg = Debug|Any CPU
		{FDCBCCD9-2F97-4D4B-B3A0-7EE1C034F764}.Debug|Any CPU.Build.0 = Debug|Any CPU
		{FDCBCCD9-2F97-4D4B-B3A0-7EE1C034F764}.Release|Any CPU.ActiveCfg = Release|Any CPU
		{FDCBCCD9-2F97-4D4B-B3A0-7EE1C034F764}.Release|Any CPU.Build.0 = Release|Any CPU
		{633CCFB5-E11A-4796-8DA5-521736A01283}.Debug|Any CPU.ActiveCfg = Debug|Any CPU
		{633CCFB5-E11A-4796-8DA5-521736A01283}.Debug|Any CPU.Build.0 = Debug|Any CPU
		{633CCFB5-E11A-4796-8DA5-521736A01283}.Release|Any CPU.ActiveCfg = Release|Any CPU
		{633CCFB5-E11A-4796-8DA5-521736A01283}.Release|Any CPU.Build.0 = Release|Any CPU
	EndGlobalSection
EndGlobal
